
Microsoft Visual Studio Solution File, Format Version 12.00
# Visual Studio Version 17
VisualStudioVersion = 17.10.34928.147
MinimumVisualStudioVersion = 10.0.40219.1
Project("{FAE04EC0-301F-11D3-BF4B-00C04F79EFBC}") = "ContactManager", "ContactManager\ContactManager.csproj", "{452C071D-0CA1-49F7-B497-6F9091BF2001}"
EndProject
Project("{FAE04EC0-301F-11D3-BF4B-00C04F79EFBC}") = "ContactsTest", "ContactsTest\ContactsTest.csproj", "{BDE3E968-75AE-4A92-B4D1-50D404CFE99F}"
EndProject
Global
	GlobalSection(SolutionConfigurationPlatforms) = preSolution
		Debug|Any CPU = Debug|Any CPU
		Release|Any CPU = Release|Any CPU
	EndGlobalSection
	GlobalSection(ProjectConfigurationPlatforms) = postSolution
		{452C071D-0CA1-49F7-B497-6F9091BF2001}.Debug|Any CPU.ActiveCfg = Debug|Any CPU
		{452C071D-0CA1-49F7-B497-6F9091BF2001}.Debug|Any CPU.Build.0 = Debug|Any CPU
		{452C071D-0CA1-49F7-B497-6F9091BF2001}.Release|Any CPU.ActiveCfg = Release|Any CPU
		{452C071D-0CA1-49F7-B497-6F9091BF2001}.Release|Any CPU.Build.0 = Release|Any CPU
		{BDE3E968-75AE-4A92-B4D1-50D404CFE99F}.Debug|Any CPU.ActiveCfg = Debug|Any CPU
		{BDE3E968-75AE-4A92-B4D1-50D404CFE99F}.Debug|Any CPU.Build.0 = Debug|Any CPU
		{BDE3E968-75AE-4A92-B4D1-50D404CFE99F}.Release|Any CPU.ActiveCfg = Release|Any CPU
		{BDE3E968-75AE-4A92-B4D1-50D404CFE99F}.Release|Any CPU.Build.0 = Release|Any CPU
	EndGlobalSection
	GlobalSection(SolutionProperties) = preSolution
		HideSolutionNode = FALSE
	EndGlobalSection
	GlobalSection(ExtensibilityGlobals) = postSolution
		SolutionGuid = {73186F3D-F16B-4F40-B681-642493679BDB}
	EndGlobalSection
EndGlobal
